// !$*UTF8*$!
{
	archiveVersion = 1;
	classes = {
	};
	objectVersion = 46;
	objects = {

/* Begin PBXBuildFile section */
		9A328A361A6D47CFA1E0A00A /* libPods.a in Frameworks */ = {isa = PBXBuildFile; fileRef = F68C8501958C41EFB7DEA582 /* libPods.a */; };
		DB0FA64A19C155C60010B538 /* ProfileDesign.xcdatamodeld in Sources */ = {isa = PBXBuildFile; fileRef = DB0FA64819C155C60010B538 /* ProfileDesign.xcdatamodeld */; };
		DB0FA64F19C156A50010B538 /* CFNetwork.framework in Frameworks */ = {isa = PBXBuildFile; fileRef = DB0FA64B19C156A50010B538 /* CFNetwork.framework */; };
		DB0FA65019C156A50010B538 /* CoreData.framework in Frameworks */ = {isa = PBXBuildFile; fileRef = DB0FA64C19C156A50010B538 /* CoreData.framework */; };
		DB0FA65119C156A50010B538 /* MobileCoreServices.framework in Frameworks */ = {isa = PBXBuildFile; fileRef = DB0FA64D19C156A50010B538 /* MobileCoreServices.framework */; };
		DB0FA65219C156A50010B538 /* SystemConfiguration.framework in Frameworks */ = {isa = PBXBuildFile; fileRef = DB0FA64E19C156A50010B538 /* SystemConfiguration.framework */; };
		DB5DA8A51991E27F00789FFE /* tplus_products.json in Resources */ = {isa = PBXBuildFile; fileRef = DB5DA8A41991E27F00789FFE /* tplus_products.json */; };
		DB5DA8A91991E3AC00789FFE /* TPProduct.m in Sources */ = {isa = PBXBuildFile; fileRef = DB5DA8A81991E3AC00789FFE /* TPProduct.m */; };
		DB5DA8AE1991E53B00789FFE /* TPProductCell.m in Sources */ = {isa = PBXBuildFile; fileRef = DB5DA8AC1991E53B00789FFE /* TPProductCell.m */; };
		DB5DA8AF1991E53B00789FFE /* TPProductCell.xib in Resources */ = {isa = PBXBuildFile; fileRef = DB5DA8AD1991E53B00789FFE /* TPProductCell.xib */; };
		DB950FE319C17B1C0034BCDE /* PDProducts.m in Sources */ = {isa = PBXBuildFile; fileRef = DB950FE219C17B1C0034BCDE /* PDProducts.m */; };
		DB98231219456C040064F7E0 /* grid_horiz.png in Resources */ = {isa = PBXBuildFile; fileRef = DB98231019456C040064F7E0 /* grid_horiz.png */; };
		DB98231319456C040064F7E0 /* grid_vert.png in Resources */ = {isa = PBXBuildFile; fileRef = DB98231119456C040064F7E0 /* grid_vert.png */; };
		DB98231519456C970064F7E0 /* pd_logo_horizontal_white.png in Resources */ = {isa = PBXBuildFile; fileRef = DB98231419456C970064F7E0 /* pd_logo_horizontal_white.png */; };
		DB98231819456FA40064F7E0 /* navbar.png in Resources */ = {isa = PBXBuildFile; fileRef = DB98231619456FA40064F7E0 /* navbar.png */; };
		DB98231919456FA40064F7E0 /* navbar@2x.png in Resources */ = {isa = PBXBuildFile; fileRef = DB98231719456FA40064F7E0 /* navbar@2x.png */; };
		DB98231D194570FA0064F7E0 /* FilterViewController.m in Sources */ = {isa = PBXBuildFile; fileRef = DB98231C194570FA0064F7E0 /* FilterViewController.m */; };
		DBA965A919C17D15000A69BD /* PDDataManager.m in Sources */ = {isa = PBXBuildFile; fileRef = DBA965A819C17D15000A69BD /* PDDataManager.m */; };
		DBB9D80C19D7C81E007BF93A /* ResultsTableHeaderView.m in Sources */ = {isa = PBXBuildFile; fileRef = DBB9D80B19D7C81E007BF93A /* ResultsTableHeaderView.m */; };
		DBB9D80E19D7CC76007BF93A /* ResultsTableHeaderView.xib in Resources */ = {isa = PBXBuildFile; fileRef = DBB9D80D19D7CC76007BF93A /* ResultsTableHeaderView.xib */; };
		DBC97AAC194106A200761779 /* Foundation.framework in Frameworks */ = {isa = PBXBuildFile; fileRef = DBC97AAB194106A200761779 /* Foundation.framework */; };
		DBC97AAE194106A200761779 /* CoreGraphics.framework in Frameworks */ = {isa = PBXBuildFile; fileRef = DBC97AAD194106A200761779 /* CoreGraphics.framework */; };
		DBC97AB0194106A200761779 /* UIKit.framework in Frameworks */ = {isa = PBXBuildFile; fileRef = DBC97AAF194106A200761779 /* UIKit.framework */; };
		DBC97AB6194106A200761779 /* InfoPlist.strings in Resources */ = {isa = PBXBuildFile; fileRef = DBC97AB4194106A200761779 /* InfoPlist.strings */; };
		DBC97AB8194106A200761779 /* main.m in Sources */ = {isa = PBXBuildFile; fileRef = DBC97AB7194106A200761779 /* main.m */; };
		DBC97ABC194106A200761779 /* AppDelegate.m in Sources */ = {isa = PBXBuildFile; fileRef = DBC97ABB194106A200761779 /* AppDelegate.m */; };
		DBC97ABF194106A200761779 /* Main.storyboard in Resources */ = {isa = PBXBuildFile; fileRef = DBC97ABD194106A200761779 /* Main.storyboard */; };
		DBC97AC2194106A200761779 /* ViewController.m in Sources */ = {isa = PBXBuildFile; fileRef = DBC97AC1194106A200761779 /* ViewController.m */; };
		DBC97AC4194106A200761779 /* Images.xcassets in Resources */ = {isa = PBXBuildFile; fileRef = DBC97AC3194106A200761779 /* Images.xcassets */; };
		DBC97ACB194106A200761779 /* XCTest.framework in Frameworks */ = {isa = PBXBuildFile; fileRef = DBC97ACA194106A200761779 /* XCTest.framework */; };
		DBC97ACC194106A200761779 /* Foundation.framework in Frameworks */ = {isa = PBXBuildFile; fileRef = DBC97AAB194106A200761779 /* Foundation.framework */; };
		DBC97ACD194106A200761779 /* UIKit.framework in Frameworks */ = {isa = PBXBuildFile; fileRef = DBC97AAF194106A200761779 /* UIKit.framework */; };
		DBC97AD5194106A200761779 /* InfoPlist.strings in Resources */ = {isa = PBXBuildFile; fileRef = DBC97AD3194106A200761779 /* InfoPlist.strings */; };
		DBC97AD7194106A200761779 /* ProfileDesignTests.m in Sources */ = {isa = PBXBuildFile; fileRef = DBC97AD6194106A200761779 /* ProfileDesignTests.m */; };
		DBDEDACF19E3A73F0034838C /* EvaluationManager.m in Sources */ = {isa = PBXBuildFile; fileRef = DBDEDACE19E3A73F0034838C /* EvaluationManager.m */; };
		DBDEDAD319E3B3540034838C /* Product.m in Sources */ = {isa = PBXBuildFile; fileRef = DBDEDAD219E3B3540034838C /* Product.m */; };
		DBDEDAD619E3B3710034838C /* Aeria.m in Sources */ = {isa = PBXBuildFile; fileRef = DBDEDAD519E3B3710034838C /* Aeria.m */; };
		DBE1DABD19486998004490A2 /* pd_logo.png in Resources */ = {isa = PBXBuildFile; fileRef = DBE1DABC19486998004490A2 /* pd_logo.png */; };
		DBE1DAC1194F07DC004490A2 /* LLModalPickerView.m in Sources */ = {isa = PBXBuildFile; fileRef = DBE1DAC0194F07DC004490A2 /* LLModalPickerView.m */; };
		DBE1DAC4194F1813004490A2 /* ResultsViewController.m in Sources */ = {isa = PBXBuildFile; fileRef = DBE1DAC3194F1813004490A2 /* ResultsViewController.m */; };
/* End PBXBuildFile section */

/* Begin PBXContainerItemProxy section */
		DBC97ACE194106A200761779 /* PBXContainerItemProxy */ = {
			isa = PBXContainerItemProxy;
			containerPortal = DBC97AA0194106A200761779 /* Project object */;
			proxyType = 1;
			remoteGlobalIDString = DBC97AA7194106A200761779;
			remoteInfo = ProfileDesign;
		};
/* End PBXContainerItemProxy section */

/* Begin PBXFileReference section */
		449F33FA6FFF4E7AB621F36E /* Pods.xcconfig */ = {isa = PBXFileReference; includeInIndex = 1; lastKnownFileType = text.xcconfig; name = Pods.xcconfig; path = Pods/Pods.xcconfig; sourceTree = "<group>"; };
		DB0FA64919C155C60010B538 /* ProfileDesign.xcdatamodel */ = {isa = PBXFileReference; lastKnownFileType = wrapper.xcdatamodel; path = ProfileDesign.xcdatamodel; sourceTree = "<group>"; };
		DB0FA64B19C156A50010B538 /* CFNetwork.framework */ = {isa = PBXFileReference; lastKnownFileType = wrapper.framework; name = CFNetwork.framework; path = System/Library/Frameworks/CFNetwork.framework; sourceTree = SDKROOT; };
		DB0FA64C19C156A50010B538 /* CoreData.framework */ = {isa = PBXFileReference; lastKnownFileType = wrapper.framework; name = CoreData.framework; path = System/Library/Frameworks/CoreData.framework; sourceTree = SDKROOT; };
		DB0FA64D19C156A50010B538 /* MobileCoreServices.framework */ = {isa = PBXFileReference; lastKnownFileType = wrapper.framework; name = MobileCoreServices.framework; path = System/Library/Frameworks/MobileCoreServices.framework; sourceTree = SDKROOT; };
		DB0FA64E19C156A50010B538 /* SystemConfiguration.framework */ = {isa = PBXFileReference; lastKnownFileType = wrapper.framework; name = SystemConfiguration.framework; path = System/Library/Frameworks/SystemConfiguration.framework; sourceTree = SDKROOT; };
		DB5DA8A31991D8F200789FFE /* Constants.h */ = {isa = PBXFileReference; fileEncoding = 4; lastKnownFileType = sourcecode.c.h; path = Constants.h; sourceTree = "<group>"; };
		DB5DA8A41991E27F00789FFE /* tplus_products.json */ = {isa = PBXFileReference; fileEncoding = 4; lastKnownFileType = text.json; path = tplus_products.json; sourceTree = "<group>"; };
		DB5DA8A71991E3AC00789FFE /* TPProduct.h */ = {isa = PBXFileReference; fileEncoding = 4; lastKnownFileType = sourcecode.c.h; path = TPProduct.h; sourceTree = "<group>"; };
		DB5DA8A81991E3AC00789FFE /* TPProduct.m */ = {isa = PBXFileReference; fileEncoding = 4; lastKnownFileType = sourcecode.c.objc; path = TPProduct.m; sourceTree = "<group>"; };
		DB5DA8AB1991E53B00789FFE /* TPProductCell.h */ = {isa = PBXFileReference; fileEncoding = 4; lastKnownFileType = sourcecode.c.h; path = TPProductCell.h; sourceTree = "<group>"; };
		DB5DA8AC1991E53B00789FFE /* TPProductCell.m */ = {isa = PBXFileReference; fileEncoding = 4; lastKnownFileType = sourcecode.c.objc; path = TPProductCell.m; sourceTree = "<group>"; };
		DB5DA8AD1991E53B00789FFE /* TPProductCell.xib */ = {isa = PBXFileReference; fileEncoding = 4; lastKnownFileType = file.xib; path = TPProductCell.xib; sourceTree = "<group>"; };
		DB950FE119C17B1C0034BCDE /* PDProducts.h */ = {isa = PBXFileReference; fileEncoding = 4; lastKnownFileType = sourcecode.c.h; path = PDProducts.h; sourceTree = "<group>"; };
		DB950FE219C17B1C0034BCDE /* PDProducts.m */ = {isa = PBXFileReference; fileEncoding = 4; lastKnownFileType = sourcecode.c.objc; path = PDProducts.m; sourceTree = "<group>"; };
		DB98231019456C040064F7E0 /* grid_horiz.png */ = {isa = PBXFileReference; lastKnownFileType = image.png; path = grid_horiz.png; sourceTree = "<group>"; };
		DB98231119456C040064F7E0 /* grid_vert.png */ = {isa = PBXFileReference; lastKnownFileType = image.png; path = grid_vert.png; sourceTree = "<group>"; };
		DB98231419456C970064F7E0 /* pd_logo_horizontal_white.png */ = {isa = PBXFileReference; lastKnownFileType = image.png; path = pd_logo_horizontal_white.png; sourceTree = "<group>"; };
		DB98231619456FA40064F7E0 /* navbar.png */ = {isa = PBXFileReference; lastKnownFileType = image.png; path = navbar.png; sourceTree = "<group>"; };
		DB98231719456FA40064F7E0 /* navbar@2x.png */ = {isa = PBXFileReference; lastKnownFileType = image.png; path = "navbar@2x.png"; sourceTree = "<group>"; };
		DB98231B194570FA0064F7E0 /* FilterViewController.h */ = {isa = PBXFileReference; fileEncoding = 4; lastKnownFileType = sourcecode.c.h; path = FilterViewController.h; sourceTree = "<group>"; };
		DB98231C194570FA0064F7E0 /* FilterViewController.m */ = {isa = PBXFileReference; fileEncoding = 4; lastKnownFileType = sourcecode.c.objc; path = FilterViewController.m; sourceTree = "<group>"; };
		DBA965A719C17D15000A69BD /* PDDataManager.h */ = {isa = PBXFileReference; fileEncoding = 4; lastKnownFileType = sourcecode.c.h; path = PDDataManager.h; sourceTree = "<group>"; };
		DBA965A819C17D15000A69BD /* PDDataManager.m */ = {isa = PBXFileReference; fileEncoding = 4; lastKnownFileType = sourcecode.c.objc; path = PDDataManager.m; sourceTree = "<group>"; };
		DBB9D80A19D7C81E007BF93A /* ResultsTableHeaderView.h */ = {isa = PBXFileReference; fileEncoding = 4; lastKnownFileType = sourcecode.c.h; path = ResultsTableHeaderView.h; sourceTree = "<group>"; };
		DBB9D80B19D7C81E007BF93A /* ResultsTableHeaderView.m */ = {isa = PBXFileReference; fileEncoding = 4; lastKnownFileType = sourcecode.c.objc; path = ResultsTableHeaderView.m; sourceTree = "<group>"; };
		DBB9D80D19D7CC76007BF93A /* ResultsTableHeaderView.xib */ = {isa = PBXFileReference; fileEncoding = 4; lastKnownFileType = file.xib; path = ResultsTableHeaderView.xib; sourceTree = "<group>"; };
		DBC97AA8194106A200761779 /* ProfileDesign.app */ = {isa = PBXFileReference; explicitFileType = wrapper.application; includeInIndex = 0; path = ProfileDesign.app; sourceTree = BUILT_PRODUCTS_DIR; };
		DBC97AAB194106A200761779 /* Foundation.framework */ = {isa = PBXFileReference; lastKnownFileType = wrapper.framework; name = Foundation.framework; path = System/Library/Frameworks/Foundation.framework; sourceTree = SDKROOT; };
		DBC97AAD194106A200761779 /* CoreGraphics.framework */ = {isa = PBXFileReference; lastKnownFileType = wrapper.framework; name = CoreGraphics.framework; path = System/Library/Frameworks/CoreGraphics.framework; sourceTree = SDKROOT; };
		DBC97AAF194106A200761779 /* UIKit.framework */ = {isa = PBXFileReference; lastKnownFileType = wrapper.framework; name = UIKit.framework; path = System/Library/Frameworks/UIKit.framework; sourceTree = SDKROOT; };
		DBC97AB3194106A200761779 /* ProfileDesign-Info.plist */ = {isa = PBXFileReference; lastKnownFileType = text.plist.xml; path = "ProfileDesign-Info.plist"; sourceTree = "<group>"; };
		DBC97AB5194106A200761779 /* en */ = {isa = PBXFileReference; lastKnownFileType = text.plist.strings; name = en; path = en.lproj/InfoPlist.strings; sourceTree = "<group>"; };
		DBC97AB7194106A200761779 /* main.m */ = {isa = PBXFileReference; lastKnownFileType = sourcecode.c.objc; path = main.m; sourceTree = "<group>"; };
		DBC97AB9194106A200761779 /* ProfileDesign-Prefix.pch */ = {isa = PBXFileReference; lastKnownFileType = sourcecode.c.h; path = "ProfileDesign-Prefix.pch"; sourceTree = "<group>"; };
		DBC97ABA194106A200761779 /* AppDelegate.h */ = {isa = PBXFileReference; lastKnownFileType = sourcecode.c.h; path = AppDelegate.h; sourceTree = "<group>"; };
		DBC97ABB194106A200761779 /* AppDelegate.m */ = {isa = PBXFileReference; lastKnownFileType = sourcecode.c.objc; path = AppDelegate.m; sourceTree = "<group>"; };
		DBC97ABE194106A200761779 /* Base */ = {isa = PBXFileReference; lastKnownFileType = file.storyboard; name = Base; path = Base.lproj/Main.storyboard; sourceTree = "<group>"; };
		DBC97AC0194106A200761779 /* ViewController.h */ = {isa = PBXFileReference; lastKnownFileType = sourcecode.c.h; path = ViewController.h; sourceTree = "<group>"; };
		DBC97AC1194106A200761779 /* ViewController.m */ = {isa = PBXFileReference; lastKnownFileType = sourcecode.c.objc; path = ViewController.m; sourceTree = "<group>"; };
		DBC97AC3194106A200761779 /* Images.xcassets */ = {isa = PBXFileReference; lastKnownFileType = folder.assetcatalog; path = Images.xcassets; sourceTree = "<group>"; };
		DBC97AC9194106A200761779 /* ProfileDesignTests.xctest */ = {isa = PBXFileReference; explicitFileType = wrapper.cfbundle; includeInIndex = 0; path = ProfileDesignTests.xctest; sourceTree = BUILT_PRODUCTS_DIR; };
		DBC97ACA194106A200761779 /* XCTest.framework */ = {isa = PBXFileReference; lastKnownFileType = wrapper.framework; name = XCTest.framework; path = Library/Frameworks/XCTest.framework; sourceTree = DEVELOPER_DIR; };
		DBC97AD2194106A200761779 /* ProfileDesignTests-Info.plist */ = {isa = PBXFileReference; lastKnownFileType = text.plist.xml; path = "ProfileDesignTests-Info.plist"; sourceTree = "<group>"; };
		DBC97AD4194106A200761779 /* en */ = {isa = PBXFileReference; lastKnownFileType = text.plist.strings; name = en; path = en.lproj/InfoPlist.strings; sourceTree = "<group>"; };
		DBC97AD6194106A200761779 /* ProfileDesignTests.m */ = {isa = PBXFileReference; lastKnownFileType = sourcecode.c.objc; path = ProfileDesignTests.m; sourceTree = "<group>"; };
		DBDEDACD19E3A73F0034838C /* EvaluationManager.h */ = {isa = PBXFileReference; fileEncoding = 4; lastKnownFileType = sourcecode.c.h; path = EvaluationManager.h; sourceTree = "<group>"; };
		DBDEDACE19E3A73F0034838C /* EvaluationManager.m */ = {isa = PBXFileReference; fileEncoding = 4; lastKnownFileType = sourcecode.c.objc; path = EvaluationManager.m; sourceTree = "<group>"; };
		DBDEDAD119E3B3540034838C /* Product.h */ = {isa = PBXFileReference; fileEncoding = 4; lastKnownFileType = sourcecode.c.h; path = Product.h; sourceTree = "<group>"; };
		DBDEDAD219E3B3540034838C /* Product.m */ = {isa = PBXFileReference; fileEncoding = 4; lastKnownFileType = sourcecode.c.objc; path = Product.m; sourceTree = "<group>"; };
		DBDEDAD419E3B3710034838C /* Aeria.h */ = {isa = PBXFileReference; fileEncoding = 4; lastKnownFileType = sourcecode.c.h; path = Aeria.h; sourceTree = "<group>"; };
		DBDEDAD519E3B3710034838C /* Aeria.m */ = {isa = PBXFileReference; fileEncoding = 4; lastKnownFileType = sourcecode.c.objc; path = Aeria.m; sourceTree = "<group>"; };
		DBE1DABC19486998004490A2 /* pd_logo.png */ = {isa = PBXFileReference; lastKnownFileType = image.png; path = pd_logo.png; sourceTree = "<group>"; };
		DBE1DABF194F07DC004490A2 /* LLModalPickerView.h */ = {isa = PBXFileReference; fileEncoding = 4; lastKnownFileType = sourcecode.c.h; path = LLModalPickerView.h; sourceTree = "<group>"; };
		DBE1DAC0194F07DC004490A2 /* LLModalPickerView.m */ = {isa = PBXFileReference; fileEncoding = 4; lastKnownFileType = sourcecode.c.objc; path = LLModalPickerView.m; sourceTree = "<group>"; };
		DBE1DAC2194F1813004490A2 /* ResultsViewController.h */ = {isa = PBXFileReference; fileEncoding = 4; lastKnownFileType = sourcecode.c.h; path = ResultsViewController.h; sourceTree = "<group>"; };
		DBE1DAC3194F1813004490A2 /* ResultsViewController.m */ = {isa = PBXFileReference; fileEncoding = 4; lastKnownFileType = sourcecode.c.objc; path = ResultsViewController.m; sourceTree = "<group>"; };
		F68C8501958C41EFB7DEA582 /* libPods.a */ = {isa = PBXFileReference; explicitFileType = archive.ar; includeInIndex = 0; path = libPods.a; sourceTree = BUILT_PRODUCTS_DIR; };
/* End PBXFileReference section */

/* Begin PBXFrameworksBuildPhase section */
		DBC97AA5194106A200761779 /* Frameworks */ = {
			isa = PBXFrameworksBuildPhase;
			buildActionMask = 2147483647;
			files = (
				DB0FA64F19C156A50010B538 /* CFNetwork.framework in Frameworks */,
				DB0FA65019C156A50010B538 /* CoreData.framework in Frameworks */,
				DB0FA65119C156A50010B538 /* MobileCoreServices.framework in Frameworks */,
				DB0FA65219C156A50010B538 /* SystemConfiguration.framework in Frameworks */,
				DBC97AAE194106A200761779 /* CoreGraphics.framework in Frameworks */,
				DBC97AB0194106A200761779 /* UIKit.framework in Frameworks */,
				DBC97AAC194106A200761779 /* Foundation.framework in Frameworks */,
				9A328A361A6D47CFA1E0A00A /* libPods.a in Frameworks */,
			);
			runOnlyForDeploymentPostprocessing = 0;
		};
		DBC97AC6194106A200761779 /* Frameworks */ = {
			isa = PBXFrameworksBuildPhase;
			buildActionMask = 2147483647;
			files = (
				DBC97ACB194106A200761779 /* XCTest.framework in Frameworks */,
				DBC97ACD194106A200761779 /* UIKit.framework in Frameworks */,
				DBC97ACC194106A200761779 /* Foundation.framework in Frameworks */,
			);
			runOnlyForDeploymentPostprocessing = 0;
		};
/* End PBXFrameworksBuildPhase section */

/* Begin PBXGroup section */
		DB5DA8A21991D86F00789FFE /* Common */ = {
			isa = PBXGroup;
			children = (
				DB5DA8A31991D8F200789FFE /* Constants.h */,
			);
			path = Common;
			sourceTree = "<group>";
		};
		DB5DA8A61991E32A00789FFE /* Models */ = {
			isa = PBXGroup;
			children = (
				DB950FE119C17B1C0034BCDE /* PDProducts.h */,
				DB950FE219C17B1C0034BCDE /* PDProducts.m */,
				DB5DA8A71991E3AC00789FFE /* TPProduct.h */,
				DB5DA8A81991E3AC00789FFE /* TPProduct.m */,
				DB0FA64819C155C60010B538 /* ProfileDesign.xcdatamodeld */,
			);
			path = Models;
			sourceTree = "<group>";
		};
		DB5DA8AA1991E4E500789FFE /* Cells */ = {
			isa = PBXGroup;
			children = (
				DB5DA8AB1991E53B00789FFE /* TPProductCell.h */,
				DB5DA8AC1991E53B00789FFE /* TPProductCell.m */,
				DB5DA8AD1991E53B00789FFE /* TPProductCell.xib */,
			);
			path = Cells;
			sourceTree = "<group>";
		};
		DB98230F194569A10064F7E0 /* Images */ = {
			isa = PBXGroup;
			children = (
				DB98231619456FA40064F7E0 /* navbar.png */,
				DB98231719456FA40064F7E0 /* navbar@2x.png */,
				DBE1DABC19486998004490A2 /* pd_logo.png */,
				DB98231419456C970064F7E0 /* pd_logo_horizontal_white.png */,
				DB98231019456C040064F7E0 /* grid_horiz.png */,
				DB98231119456C040064F7E0 /* grid_vert.png */,
			);
			path = Images;
			sourceTree = "<group>";
		};
		DB98231A194570A10064F7E0 /* Controllers */ = {
			isa = PBXGroup;
			children = (
				DBC97AC0194106A200761779 /* ViewController.h */,
				DBC97AC1194106A200761779 /* ViewController.m */,
				DB98231B194570FA0064F7E0 /* FilterViewController.h */,
				DB98231C194570FA0064F7E0 /* FilterViewController.m */,
				DBE1DAC2194F1813004490A2 /* ResultsViewController.h */,
				DBE1DAC3194F1813004490A2 /* ResultsViewController.m */,
			);
			path = Controllers;
			sourceTree = "<group>";
		};
		DBA965A619C17CD0000A69BD /* Managers */ = {
			isa = PBXGroup;
			children = (
				DBA965A719C17D15000A69BD /* PDDataManager.h */,
				DBA965A819C17D15000A69BD /* PDDataManager.m */,
				DBDEDACD19E3A73F0034838C /* EvaluationManager.h */,
				DBDEDACE19E3A73F0034838C /* EvaluationManager.m */,
			);
			path = Managers;
			sourceTree = "<group>";
		};
		DBC97A9F194106A200761779 = {
			isa = PBXGroup;
			children = (
				DBC97AB1194106A200761779 /* ProfileDesign */,
				DBC97AD0194106A200761779 /* ProfileDesignTests */,
				DBC97AAA194106A200761779 /* Frameworks */,
				DBC97AA9194106A200761779 /* Products */,
				449F33FA6FFF4E7AB621F36E /* Pods.xcconfig */,
			);
			sourceTree = "<group>";
		};
		DBC97AA9194106A200761779 /* Products */ = {
			isa = PBXGroup;
			children = (
				DBC97AA8194106A200761779 /* ProfileDesign.app */,
				DBC97AC9194106A200761779 /* ProfileDesignTests.xctest */,
			);
			name = Products;
			sourceTree = "<group>";
		};
		DBC97AAA194106A200761779 /* Frameworks */ = {
			isa = PBXGroup;
			children = (
				DB0FA64B19C156A50010B538 /* CFNetwork.framework */,
				DB0FA64C19C156A50010B538 /* CoreData.framework */,
				DB0FA64D19C156A50010B538 /* MobileCoreServices.framework */,
				DB0FA64E19C156A50010B538 /* SystemConfiguration.framework */,
				DBC97AAB194106A200761779 /* Foundation.framework */,
				DBC97AAD194106A200761779 /* CoreGraphics.framework */,
				DBC97AAF194106A200761779 /* UIKit.framework */,
				DBC97ACA194106A200761779 /* XCTest.framework */,
				F68C8501958C41EFB7DEA582 /* libPods.a */,
			);
			name = Frameworks;
			sourceTree = "<group>";
		};
		DBC97AB1194106A200761779 /* ProfileDesign */ = {
			isa = PBXGroup;
			children = (
				DBDEDAD019E3B31D0034838C /* Product Classes */,
				DBA965A619C17CD0000A69BD /* Managers */,
				DB5DA8AA1991E4E500789FFE /* Cells */,
				DB5DA8A61991E32A00789FFE /* Models */,
				DB5DA8A21991D86F00789FFE /* Common */,
				DBE1DABE194F075C004490A2 /* Views */,
				DB98231A194570A10064F7E0 /* Controllers */,
				DBC97ABA194106A200761779 /* AppDelegate.h */,
				DBC97ABB194106A200761779 /* AppDelegate.m */,
				DBC97ABD194106A200761779 /* Main.storyboard */,
				DBC97AC3194106A200761779 /* Images.xcassets */,
				DBC97AB2194106A200761779 /* Supporting Files */,
			);
			path = ProfileDesign;
			sourceTree = "<group>";
		};
		DBC97AB2194106A200761779 /* Supporting Files */ = {
			isa = PBXGroup;
			children = (
				DB5DA8A41991E27F00789FFE /* tplus_products.json */,
				DB98230F194569A10064F7E0 /* Images */,
				DBC97AB3194106A200761779 /* ProfileDesign-Info.plist */,
				DBC97AB4194106A200761779 /* InfoPlist.strings */,
				DBC97AB7194106A200761779 /* main.m */,
				DBC97AB9194106A200761779 /* ProfileDesign-Prefix.pch */,
			);
			name = "Supporting Files";
			sourceTree = "<group>";
		};
		DBC97AD0194106A200761779 /* ProfileDesignTests */ = {
			isa = PBXGroup;
			children = (
				DBC97AD6194106A200761779 /* ProfileDesignTests.m */,
				DBC97AD1194106A200761779 /* Supporting Files */,
			);
			path = ProfileDesignTests;
			sourceTree = "<group>";
		};
		DBC97AD1194106A200761779 /* Supporting Files */ = {
			isa = PBXGroup;
			children = (
				DBC97AD2194106A200761779 /* ProfileDesignTests-Info.plist */,
				DBC97AD3194106A200761779 /* InfoPlist.strings */,
			);
			name = "Supporting Files";
			sourceTree = "<group>";
		};
		DBDEDAD019E3B31D0034838C /* Product Classes */ = {
			isa = PBXGroup;
			children = (
				DBDEDAD119E3B3540034838C /* Product.h */,
				DBDEDAD219E3B3540034838C /* Product.m */,
				DBDEDAD419E3B3710034838C /* Aeria.h */,
				DBDEDAD519E3B3710034838C /* Aeria.m */,
			);
			path = "Product Classes";
			sourceTree = "<group>";
		};
		DBE1DABE194F075C004490A2 /* Views */ = {
			isa = PBXGroup;
			children = (
				DBE1DABF194F07DC004490A2 /* LLModalPickerView.h */,
				DBE1DAC0194F07DC004490A2 /* LLModalPickerView.m */,
				DBB9D80A19D7C81E007BF93A /* ResultsTableHeaderView.h */,
				DBB9D80B19D7C81E007BF93A /* ResultsTableHeaderView.m */,
				DBB9D80D19D7CC76007BF93A /* ResultsTableHeaderView.xib */,
			);
			path = Views;
			sourceTree = "<group>";
		};
/* End PBXGroup section */

/* Begin PBXNativeTarget section */
		DBC97AA7194106A200761779 /* ProfileDesign */ = {
			isa = PBXNativeTarget;
			buildConfigurationList = DBC97ADA194106A200761779 /* Build configuration list for PBXNativeTarget "ProfileDesign" */;
			buildPhases = (
				ED61B9D777324FD591430285 /* Check Pods Manifest.lock */,
				DBC97AA4194106A200761779 /* Sources */,
				DBC97AA5194106A200761779 /* Frameworks */,
				DBC97AA6194106A200761779 /* Resources */,
				2B7F27534856475A86CFB5AA /* Copy Pods Resources */,
			);
			buildRules = (
			);
			dependencies = (
			);
			name = ProfileDesign;
			productName = ProfileDesign;
			productReference = DBC97AA8194106A200761779 /* ProfileDesign.app */;
			productType = "com.apple.product-type.application";
		};
		DBC97AC8194106A200761779 /* ProfileDesignTests */ = {
			isa = PBXNativeTarget;
			buildConfigurationList = DBC97ADD194106A200761779 /* Build configuration list for PBXNativeTarget "ProfileDesignTests" */;
			buildPhases = (
				DBC97AC5194106A200761779 /* Sources */,
				DBC97AC6194106A200761779 /* Frameworks */,
				DBC97AC7194106A200761779 /* Resources */,
			);
			buildRules = (
			);
			dependencies = (
				DBC97ACF194106A200761779 /* PBXTargetDependency */,
			);
			name = ProfileDesignTests;
			productName = ProfileDesignTests;
			productReference = DBC97AC9194106A200761779 /* ProfileDesignTests.xctest */;
			productType = "com.apple.product-type.bundle.unit-test";
		};
/* End PBXNativeTarget section */

/* Begin PBXProject section */
		DBC97AA0194106A200761779 /* Project object */ = {
			isa = PBXProject;
			attributes = {
				LastUpgradeCheck = 0510;
				ORGANIZATIONNAME = "Torqd Studios, LLC";
				TargetAttributes = {
					DBC97AC8194106A200761779 = {
						TestTargetID = DBC97AA7194106A200761779;
					};
				};
			};
			buildConfigurationList = DBC97AA3194106A200761779 /* Build configuration list for PBXProject "ProfileDesign" */;
			compatibilityVersion = "Xcode 3.2";
			developmentRegion = English;
			hasScannedForEncodings = 0;
			knownRegions = (
				en,
				Base,
			);
			mainGroup = DBC97A9F194106A200761779;
			productRefGroup = DBC97AA9194106A200761779 /* Products */;
			projectDirPath = "";
			projectRoot = "";
			targets = (
				DBC97AA7194106A200761779 /* ProfileDesign */,
				DBC97AC8194106A200761779 /* ProfileDesignTests */,
			);
		};
/* End PBXProject section */

/* Begin PBXResourcesBuildPhase section */
		DBC97AA6194106A200761779 /* Resources */ = {
			isa = PBXResourcesBuildPhase;
			buildActionMask = 2147483647;
			files = (
				DB98231519456C970064F7E0 /* pd_logo_horizontal_white.png in Resources */,
				DBB9D80E19D7CC76007BF93A /* ResultsTableHeaderView.xib in Resources */,
				DBC97AC4194106A200761779 /* Images.xcassets in Resources */,
				DBC97AB6194106A200761779 /* InfoPlist.strings in Resources */,
				DB98231319456C040064F7E0 /* grid_vert.png in Resources */,
				DB98231919456FA40064F7E0 /* navbar@2x.png in Resources */,
				DB98231219456C040064F7E0 /* grid_horiz.png in Resources */,
				DB98231819456FA40064F7E0 /* navbar.png in Resources */,
				DB5DA8AF1991E53B00789FFE /* TPProductCell.xib in Resources */,
				DBC97ABF194106A200761779 /* Main.storyboard in Resources */,
				DB5DA8A51991E27F00789FFE /* tplus_products.json in Resources */,
				DBE1DABD19486998004490A2 /* pd_logo.png in Resources */,
			);
			runOnlyForDeploymentPostprocessing = 0;
		};
		DBC97AC7194106A200761779 /* Resources */ = {
			isa = PBXResourcesBuildPhase;
			buildActionMask = 2147483647;
			files = (
				DBC97AD5194106A200761779 /* InfoPlist.strings in Resources */,
			);
			runOnlyForDeploymentPostprocessing = 0;
		};
/* End PBXResourcesBuildPhase section */

/* Begin PBXShellScriptBuildPhase section */
		2B7F27534856475A86CFB5AA /* Copy Pods Resources */ = {
			isa = PBXShellScriptBuildPhase;
			buildActionMask = 2147483647;
			files = (
			);
			inputPaths = (
			);
			name = "Copy Pods Resources";
			outputPaths = (
			);
			runOnlyForDeploymentPostprocessing = 0;
			shellPath = /bin/sh;
			shellScript = "\"${SRCROOT}/Pods/Pods-resources.sh\"\n";
			showEnvVarsInLog = 0;
		};
		ED61B9D777324FD591430285 /* Check Pods Manifest.lock */ = {
			isa = PBXShellScriptBuildPhase;
			buildActionMask = 2147483647;
			files = (
			);
			inputPaths = (
			);
			name = "Check Pods Manifest.lock";
			outputPaths = (
			);
			runOnlyForDeploymentPostprocessing = 0;
			shellPath = /bin/sh;
			shellScript = "diff \"${PODS_ROOT}/../Podfile.lock\" \"${PODS_ROOT}/Manifest.lock\" > /dev/null\nif [[ $? != 0 ]] ; then\n    cat << EOM\nerror: The sandbox is not in sync with the Podfile.lock. Run 'pod install' or update your CocoaPods installation.\nEOM\n    exit 1\nfi\n";
			showEnvVarsInLog = 0;
		};
/* End PBXShellScriptBuildPhase section */

/* Begin PBXSourcesBuildPhase section */
		DBC97AA4194106A200761779 /* Sources */ = {
			isa = PBXSourcesBuildPhase;
			buildActionMask = 2147483647;
			files = (
				DBDEDAD619E3B3710034838C /* Aeria.m in Sources */,
				DBC97AC2194106A200761779 /* ViewController.m in Sources */,
				DBA965A919C17D15000A69BD /* PDDataManager.m in Sources */,
				DBC97ABC194106A200761779 /* AppDelegate.m in Sources */,
				DBC97AB8194106A200761779 /* main.m in Sources */,
				DBDEDACF19E3A73F0034838C /* EvaluationManager.m in Sources */,
				DB950FE319C17B1C0034BCDE /* PDProducts.m in Sources */,
				DBE1DAC4194F1813004490A2 /* ResultsViewController.m in Sources */,
				DBDEDAD319E3B3540034838C /* Product.m in Sources */,
				DB0FA64A19C155C60010B538 /* ProfileDesign.xcdatamodeld in Sources */,
				DB5DA8A91991E3AC00789FFE /* TPProduct.m in Sources */,
				DBE1DAC1194F07DC004490A2 /* LLModalPickerView.m in Sources */,
				DBB9D80C19D7C81E007BF93A /* ResultsTableHeaderView.m in Sources */,
				DB98231D194570FA0064F7E0 /* FilterViewController.m in Sources */,
				DB5DA8AE1991E53B00789FFE /* TPProductCell.m in Sources */,
			);
			runOnlyForDeploymentPostprocessing = 0;
		};
		DBC97AC5194106A200761779 /* Sources */ = {
			isa = PBXSourcesBuildPhase;
			buildActionMask = 2147483647;
			files = (
				DBC97AD7194106A200761779 /* ProfileDesignTests.m in Sources */,
			);
			runOnlyForDeploymentPostprocessing = 0;
		};
/* End PBXSourcesBuildPhase section */

/* Begin PBXTargetDependency section */
		DBC97ACF194106A200761779 /* PBXTargetDependency */ = {
			isa = PBXTargetDependency;
			target = DBC97AA7194106A200761779 /* ProfileDesign */;
			targetProxy = DBC97ACE194106A200761779 /* PBXContainerItemProxy */;
		};
/* End PBXTargetDependency section */

/* Begin PBXVariantGroup section */
		DBC97AB4194106A200761779 /* InfoPlist.strings */ = {
			isa = PBXVariantGroup;
			children = (
				DBC97AB5194106A200761779 /* en */,
			);
			name = InfoPlist.strings;
			sourceTree = "<group>";
		};
		DBC97ABD194106A200761779 /* Main.storyboard */ = {
			isa = PBXVariantGroup;
			children = (
				DBC97ABE194106A200761779 /* Base */,
			);
			name = Main.storyboard;
			sourceTree = "<group>";
		};
		DBC97AD3194106A200761779 /* InfoPlist.strings */ = {
			isa = PBXVariantGroup;
			children = (
				DBC97AD4194106A200761779 /* en */,
			);
			name = InfoPlist.strings;
			sourceTree = "<group>";
		};
/* End PBXVariantGroup section */

/* Begin XCBuildConfiguration section */
		DBC97AD8194106A200761779 /* Debug */ = {
			isa = XCBuildConfiguration;
			buildSettings = {
				ALWAYS_SEARCH_USER_PATHS = NO;
				CLANG_CXX_LANGUAGE_STANDARD = "gnu++0x";
				CLANG_CXX_LIBRARY = "libc++";
				CLANG_ENABLE_MODULES = YES;
				CLANG_ENABLE_OBJC_ARC = YES;
				CLANG_WARN_BOOL_CONVERSION = YES;
				CLANG_WARN_CONSTANT_CONVERSION = YES;
				CLANG_WARN_DIRECT_OBJC_ISA_USAGE = YES_ERROR;
				CLANG_WARN_EMPTY_BODY = YES;
				CLANG_WARN_ENUM_CONVERSION = YES;
				CLANG_WARN_INT_CONVERSION = YES;
				CLANG_WARN_OBJC_ROOT_CLASS = YES_ERROR;
				CLANG_WARN__DUPLICATE_METHOD_MATCH = YES;
				"CODE_SIGN_IDENTITY[sdk=iphoneos*]" = "iPhone Developer";
				COPY_PHASE_STRIP = NO;
				GCC_C_LANGUAGE_STANDARD = gnu99;
				GCC_DYNAMIC_NO_PIC = NO;
				GCC_OPTIMIZATION_LEVEL = 0;
				GCC_PREPROCESSOR_DEFINITIONS = (
					"DEBUG=1",
					"$(inherited)",
				);
				GCC_SYMBOLS_PRIVATE_EXTERN = NO;
				GCC_WARN_64_TO_32_BIT_CONVERSION = YES;
				GCC_WARN_ABOUT_RETURN_TYPE = YES_ERROR;
				GCC_WARN_UNDECLARED_SELECTOR = YES;
				GCC_WARN_UNINITIALIZED_AUTOS = YES_AGGRESSIVE;
				GCC_WARN_UNUSED_FUNCTION = YES;
				GCC_WARN_UNUSED_VARIABLE = YES;
				IPHONEOS_DEPLOYMENT_TARGET = 7.1;
				ONLY_ACTIVE_ARCH = YES;
				SDKROOT = iphoneos;
			};
			name = Debug;
		};
		DBC97AD9194106A200761779 /* Release */ = {
			isa = XCBuildConfiguration;
			buildSettings = {
				ALWAYS_SEARCH_USER_PATHS = NO;
				CLANG_CXX_LANGUAGE_STANDARD = "gnu++0x";
				CLANG_CXX_LIBRARY = "libc++";
				CLANG_ENABLE_MODULES = YES;
				CLANG_ENABLE_OBJC_ARC = YES;
				CLANG_WARN_BOOL_CONVERSION = YES;
				CLANG_WARN_CONSTANT_CONVERSION = YES;
				CLANG_WARN_DIRECT_OBJC_ISA_USAGE = YES_ERROR;
				CLANG_WARN_EMPTY_BODY = YES;
				CLANG_WARN_ENUM_CONVERSION = YES;
				CLANG_WARN_INT_CONVERSION = YES;
				CLANG_WARN_OBJC_ROOT_CLASS = YES_ERROR;
				CLANG_WARN__DUPLICATE_METHOD_MATCH = YES;
				"CODE_SIGN_IDENTITY[sdk=iphoneos*]" = "iPhone Developer";
				COPY_PHASE_STRIP = YES;
				ENABLE_NS_ASSERTIONS = NO;
				GCC_C_LANGUAGE_STANDARD = gnu99;
				GCC_WARN_64_TO_32_BIT_CONVERSION = YES;
				GCC_WARN_ABOUT_RETURN_TYPE = YES_ERROR;
				GCC_WARN_UNDECLARED_SELECTOR = YES;
				GCC_WARN_UNINITIALIZED_AUTOS = YES_AGGRESSIVE;
				GCC_WARN_UNUSED_FUNCTION = YES;
				GCC_WARN_UNUSED_VARIABLE = YES;
				IPHONEOS_DEPLOYMENT_TARGET = 7.1;
				SDKROOT = iphoneos;
				VALIDATE_PRODUCT = YES;
			};
			name = Release;
		};
		DBC97ADB194106A200761779 /* Debug */ = {
			isa = XCBuildConfiguration;
			baseConfigurationReference = 449F33FA6FFF4E7AB621F36E /* Pods.xcconfig */;
			buildSettings = {
				ASSETCATALOG_COMPILER_APPICON_NAME = AppIcon;
				ASSETCATALOG_COMPILER_LAUNCHIMAGE_NAME = LaunchImage;
				GCC_PRECOMPILE_PREFIX_HEADER = YES;
				GCC_PREFIX_HEADER = "ProfileDesign/ProfileDesign-Prefix.pch";
				INFOPLIST_FILE = "ProfileDesign/ProfileDesign-Info.plist";
				IPHONEOS_DEPLOYMENT_TARGET = 7.0;
				PRODUCT_NAME = "$(TARGET_NAME)";
				WRAPPER_EXTENSION = app;
			};
			name = Debug;
		};
		DBC97ADC194106A200761779 /* Release */ = {
			isa = XCBuildConfiguration;
			baseConfigurationReference = 449F33FA6FFF4E7AB621F36E /* Pods.xcconfig */;
			buildSettings = {
				ASSETCATALOG_COMPILER_APPICON_NAME = AppIcon;
				ASSETCATALOG_COMPILER_LAUNCHIMAGE_NAME = LaunchImage;
				GCC_PRECOMPILE_PREFIX_HEADER = YES;
				GCC_PREFIX_HEADER = "ProfileDesign/ProfileDesign-Prefix.pch";
				INFOPLIST_FILE = "ProfileDesign/ProfileDesign-Info.plist";
				IPHONEOS_DEPLOYMENT_TARGET = 7.0;
				PRODUCT_NAME = "$(TARGET_NAME)";
				WRAPPER_EXTENSION = app;
			};
			name = Release;
		};
		DBC97ADE194106A200761779 /* Debug */ = {
			isa = XCBuildConfiguration;
			buildSettings = {
				BUNDLE_LOADER = "$(BUILT_PRODUCTS_DIR)/ProfileDesign.app/ProfileDesign";
				FRAMEWORK_SEARCH_PATHS = (
					"$(SDKROOT)/Developer/Library/Frameworks",
					"$(inherited)",
					"$(DEVELOPER_FRAMEWORKS_DIR)",
				);
				GCC_PRECOMPILE_PREFIX_HEADER = YES;
				GCC_PREFIX_HEADER = "ProfileDesign/ProfileDesign-Prefix.pch";
				GCC_PREPROCESSOR_DEFINITIONS = (
					"DEBUG=1",
					"$(inherited)",
				);
				INFOPLIST_FILE = "ProfileDesignTests/ProfileDesignTests-Info.plist";
				PRODUCT_NAME = "$(TARGET_NAME)";
				TEST_HOST = "$(BUNDLE_LOADER)";
				WRAPPER_EXTENSION = xctest;
			};
			name = Debug;
		};
		DBC97ADF194106A200761779 /* Release */ = {
			isa = XCBuildConfiguration;
			buildSettings = {
				BUNDLE_LOADER = "$(BUILT_PRODUCTS_DIR)/ProfileDesign.app/ProfileDesign";
				FRAMEWORK_SEARCH_PATHS = (
					"$(SDKROOT)/Developer/Library/Frameworks",
					"$(inherited)",
					"$(DEVELOPER_FRAMEWORKS_DIR)",
				);
				GCC_PRECOMPILE_PREFIX_HEADER = YES;
				GCC_PREFIX_HEADER = "ProfileDesign/ProfileDesign-Prefix.pch";
				INFOPLIST_FILE = "ProfileDesignTests/ProfileDesignTests-Info.plist";
				PRODUCT_NAME = "$(TARGET_NAME)";
				TEST_HOST = "$(BUNDLE_LOADER)";
				WRAPPER_EXTENSION = xctest;
			};
			name = Release;
		};
/* End XCBuildConfiguration section */

/* Begin XCConfigurationList section */
		DBC97AA3194106A200761779 /* Build configuration list for PBXProject "ProfileDesign" */ = {
			isa = XCConfigurationList;
			buildConfigurations = (
				DBC97AD8194106A200761779 /* Debug */,
				DBC97AD9194106A200761779 /* Release */,
			);
			defaultConfigurationIsVisible = 0;
			defaultConfigurationName = Release;
		};
		DBC97ADA194106A200761779 /* Build configuration list for PBXNativeTarget "ProfileDesign" */ = {
			isa = XCConfigurationList;
			buildConfigurations = (
				DBC97ADB194106A200761779 /* Debug */,
				DBC97ADC194106A200761779 /* Release */,
			);
			defaultConfigurationIsVisible = 0;
			defaultConfigurationName = Release;
		};
		DBC97ADD194106A200761779 /* Build configuration list for PBXNativeTarget "ProfileDesignTests" */ = {
			isa = XCConfigurationList;
			buildConfigurations = (
				DBC97ADE194106A200761779 /* Debug */,
				DBC97ADF194106A200761779 /* Release */,
			);
			defaultConfigurationIsVisible = 0;
			defaultConfigurationName = Release;
		};
/* End XCConfigurationList section */

/* Begin XCVersionGroup section */
		DB0FA64819C155C60010B538 /* ProfileDesign.xcdatamodeld */ = {
			isa = XCVersionGroup;
			children = (
				DB0FA64919C155C60010B538 /* ProfileDesign.xcdatamodel */,
			);
			currentVersion = DB0FA64919C155C60010B538 /* ProfileDesign.xcdatamodel */;
			path = ProfileDesign.xcdatamodeld;
			sourceTree = "<group>";
			versionGroupType = wrapper.xcdatamodel;
		};
/* End XCVersionGroup section */
	};
	rootObject = DBC97AA0194106A200761779 /* Project object */;
}
